
Microsoft Visual Studio Solution File, Format Version 12.00
# Visual Studio 2013
VisualStudioVersion = 12.0.21005.1
MinimumVisualStudioVersion = 10.0.40219.1
Project("{2150E333-8FDC-42A3-9474-1A3956D46DE8}") = "Engine", "Engine", "{50C9440B-976E-4F11-AA73-B2D69749C16E}"
EndProject
Project("{2150E333-8FDC-42A3-9474-1A3956D46DE8}") = "Games", "Games", "{29415C10-6A15-46FF-9F43-F5D2F48454CB}"
EndProject
Project("{8BC9CEB8-8B4A-11D0-8D11-00A0C91BC942}") = "DownTheVerse", "Intermediate\ProjectFiles\DownTheVerse.vcxproj", "{1C919D10-D96C-4870-959C-026C9A6C256A}"
EndProject
Project("{8BC9CEB8-8B4A-11D0-8D11-00A0C91BC942}") = "UE4", "Intermediate\ProjectFiles\UE4.vcxproj", "{3E202AEC-621B-43FC-BD68-1DC9F19C0116}"
EndProject
Global
	GlobalSection(SolutionConfigurationPlatforms) = preSolution
		DebugGame Editor|Windows = DebugGame Editor|Windows
		DebugGame|Windows = DebugGame|Windows
		Development Editor|Windows = Development Editor|Windows
		Development|Windows = Development|Windows
		Shipping|Windows = Shipping|Windows
	EndGlobalSection
	GlobalSection(ProjectConfigurationPlatforms) = postSolution
		{1C919D10-D96C-4870-959C-026C9A6C256A}.DebugGame Editor|Windows.ActiveCfg = DebugGame_Editor|x64
		{1C919D10-D96C-4870-959C-026C9A6C256A}.DebugGame Editor|Windows.Build.0 = DebugGame_Editor|x64
		{1C919D10-D96C-4870-959C-026C9A6C256A}.DebugGame|Windows.ActiveCfg = DebugGame_Game|x64
		{1C919D10-D96C-4870-959C-026C9A6C256A}.DebugGame|Windows.Build.0 = DebugGame_Game|x64
		{1C919D10-D96C-4870-959C-026C9A6C256A}.Development Editor|Windows.ActiveCfg = Development_Editor|x64
		{1C919D10-D96C-4870-959C-026C9A6C256A}.Development Editor|Windows.Build.0 = Development_Editor|x64
		{1C919D10-D96C-4870-959C-026C9A6C256A}.Development|Windows.ActiveCfg = Development_Game|x64
		{1C919D10-D96C-4870-959C-026C9A6C256A}.Development|Windows.Build.0 = Development_Game|x64
		{1C919D10-D96C-4870-959C-026C9A6C256A}.Shipping|Windows.ActiveCfg = Shipping_Game|Win32
		{1C919D10-D96C-4870-959C-026C9A6C256A}.Shipping|Windows.Build.0 = Shipping_Game|Win32
		{3E202AEC-621B-43FC-BD68-1DC9F19C0116}.DebugGame Editor|Windows.ActiveCfg = BuiltWithUnrealBuildTool|Win32
		{3E202AEC-621B-43FC-BD68-1DC9F19C0116}.DebugGame|Windows.ActiveCfg = BuiltWithUnrealBuildTool|Win32
		{3E202AEC-621B-43FC-BD68-1DC9F19C0116}.Development Editor|Windows.ActiveCfg = BuiltWithUnrealBuildTool|Win32
		{3E202AEC-621B-43FC-BD68-1DC9F19C0116}.Development|Windows.ActiveCfg = BuiltWithUnrealBuildTool|Win32
		{3E202AEC-621B-43FC-BD68-1DC9F19C0116}.Shipping|Windows.ActiveCfg = BuiltWithUnrealBuildTool|Win32
	EndGlobalSection
	GlobalSection(SolutionProperties) = preSolution
		HideSolutionNode = FALSE
	EndGlobalSection
	GlobalSection(NestedProjects) = preSolution
		{3E202AEC-621B-43FC-BD68-1DC9F19C0116} = {50C9440B-976E-4F11-AA73-B2D69749C16E}
		{1C919D10-D96C-4870-959C-026C9A6C256A} = {29415C10-6A15-46FF-9F43-F5D2F48454CB}
	EndGlobalSection
EndGlobal
